
Microsoft Visual Studio Solution File, Format Version 12.00
# Visual Studio Version 17
VisualStudioVersion = 17.2.32630.192
MinimumVisualStudioVersion = 10.0.40219.1
Project("{9A19103F-16F7-4668-BE54-9A1E7A4F7556}") = "UnitTests", "UnitTests\UnitTests.csproj", "{C7EC79FC-79A3-4326-BB00-B5CD77C21B1C}"
EndProject
Project("{9A19103F-16F7-4668-BE54-9A1E7A4F7556}") = "MathematicalExpressionEvaluator", "MathematicalExpressionEvaluator\MathematicalExpressionEvaluator.csproj", "{2AAAD0F3-A30C-46CA-95CA-851EB5201533}"
EndProject
Global
	GlobalSection(SolutionConfigurationPlatforms) = preSolution
		Debug|Any CPU = Debug|Any CPU
		Release|Any CPU = Release|Any CPU
	EndGlobalSection
	GlobalSection(ProjectConfigurationPlatforms) = postSolution
		{C7EC79FC-79A3-4326-BB00-B5CD77C21B1C}.Debug|Any CPU.ActiveCfg = Debug|Any CPU
		{C7EC79FC-79A3-4326-BB00-B5CD77C21B1C}.Debug|Any CPU.Build.0 = Debug|Any CPU
		{C7EC79FC-79A3-4326-BB00-B5CD77C21B1C}.Release|Any CPU.ActiveCfg = Release|Any CPU
		{C7EC79FC-79A3-4326-BB00-B5CD77C21B1C}.Release|Any CPU.Build.0 = Release|Any CPU
		{2AAAD0F3-A30C-46CA-95CA-851EB5201533}.Debug|Any CPU.ActiveCfg = Debug|Any CPU
		{2AAAD0F3-A30C-46CA-95CA-851EB5201533}.Debug|Any CPU.Build.0 = Debug|Any CPU
		{2AAAD0F3-A30C-46CA-95CA-851EB5201533}.Release|Any CPU.ActiveCfg = Release|Any CPU
		{2AAAD0F3-A30C-46CA-95CA-851EB5201533}.Release|Any CPU.Build.0 = Release|Any CPU
	EndGlobalSection
	GlobalSection(SolutionProperties) = preSolution
		HideSolutionNode = FALSE
	EndGlobalSection
	GlobalSection(ExtensibilityGlobals) = postSolution
		SolutionGuid = {20D2F0C8-50D1-4955-BA99-782663AE5DFA}
	EndGlobalSection
EndGlobal
